// !$*UTF8*$!
{
	archiveVersion = 1;
	classes = {
	};
	objectVersion = 50;
	objects = {

/* Begin PBXBuildFile section */
		B60E876A26F88B4B00EEAA92 /* SleepCalculator.mlmodel in Sources */ = {isa = PBXBuildFile; fileRef = B60E876926F88B4B00EEAA92 /* SleepCalculator.mlmodel */; };
		B638769D26F3763F00011BBE /* BetterRestApp.swift in Sources */ = {isa = PBXBuildFile; fileRef = B638769C26F3763F00011BBE /* BetterRestApp.swift */; };
		B638769F26F3763F00011BBE /* ContentView.swift in Sources */ = {isa = PBXBuildFile; fileRef = B638769E26F3763F00011BBE /* ContentView.swift */; };
		B63876A126F3764200011BBE /* Assets.xcassets in Resources */ = {isa = PBXBuildFile; fileRef = B63876A026F3764200011BBE /* Assets.xcassets */; };
		B63876A426F3764200011BBE /* Preview Assets.xcassets in Resources */ = {isa = PBXBuildFile; fileRef = B63876A326F3764200011BBE /* Preview Assets.xcassets */; };
		B63876AF26F3764200011BBE /* BetterRestTests.swift in Sources */ = {isa = PBXBuildFile; fileRef = B63876AE26F3764200011BBE /* BetterRestTests.swift */; };
		B63876BA26F3764200011BBE /* BetterRestUITests.swift in Sources */ = {isa = PBXBuildFile; fileRef = B63876B926F3764200011BBE /* BetterRestUITests.swift */; };
/* End PBXBuildFile section */

/* Begin PBXContainerItemProxy section */
		B63876AB26F3764200011BBE /* PBXContainerItemProxy */ = {
			isa = PBXContainerItemProxy;
			containerPortal = B638769126F3763F00011BBE /* Project object */;
			proxyType = 1;
			remoteGlobalIDString = B638769826F3763F00011BBE;
			remoteInfo = BetterRest;
		};
		B63876B626F3764200011BBE /* PBXContainerItemProxy */ = {
			isa = PBXContainerItemProxy;
			containerPortal = B638769126F3763F00011BBE /* Project object */;
			proxyType = 1;
			remoteGlobalIDString = B638769826F3763F00011BBE;
			remoteInfo = BetterRest;
		};
/* End PBXContainerItemProxy section */

/* Begin PBXFileReference section */
		B60E876926F88B4B00EEAA92 /* SleepCalculator.mlmodel */ = {isa = PBXFileReference; lastKnownFileType = file.mlmodel; path = SleepCalculator.mlmodel; sourceTree = "<group>"; };
		B638769926F3763F00011BBE /* BetterRest.app */ = {isa = PBXFileReference; explicitFileType = wrapper.application; includeInIndex = 0; path = BetterRest.app; sourceTree = BUILT_PRODUCTS_DIR; };
		B638769C26F3763F00011BBE /* BetterRestApp.swift */ = {isa = PBXFileReference; lastKnownFileType = sourcecode.swift; path = BetterRestApp.swift; sourceTree = "<group>"; };
		B638769E26F3763F00011BBE /* ContentView.swift */ = {isa = PBXFileReference; lastKnownFileType = sourcecode.swift; path = ContentView.swift; sourceTree = "<group>"; };
		B63876A026F3764200011BBE /* Assets.xcassets */ = {isa = PBXFileReference; lastKnownFileType = folder.assetcatalog; path = Assets.xcassets; sourceTree = "<group>"; };
		B63876A326F3764200011BBE /* Preview Assets.xcassets */ = {isa = PBXFileReference; lastKnownFileType = folder.assetcatalog; path = "Preview Assets.xcassets"; sourceTree = "<group>"; };
		B63876A526F3764200011BBE /* Info.plist */ = {isa = PBXFileReference; lastKnownFileType = text.plist.xml; path = Info.plist; sourceTree = "<group>"; };
		B63876AA26F3764200011BBE /* BetterRestTests.xctest */ = {isa = PBXFileReference; explicitFileType = wrapper.cfbundle; includeInIndex = 0; path = BetterRestTests.xctest; sourceTree = BUILT_PRODUCTS_DIR; };
		B63876AE26F3764200011BBE /* BetterRestTests.swift */ = {isa = PBXFileReference; lastKnownFileType = sourcecode.swift; path = BetterRestTests.swift; sourceTree = "<group>"; };
		B63876B026F3764200011BBE /* Info.plist */ = {isa = PBXFileReference; lastKnownFileType = text.plist.xml; path = Info.plist; sourceTree = "<group>"; };
		B63876B526F3764200011BBE /* BetterRestUITests.xctest */ = {isa = PBXFileReference; explicitFileType = wrapper.cfbundle; includeInIndex = 0; path = BetterRestUITests.xctest; sourceTree = BUILT_PRODUCTS_DIR; };
		B63876B926F3764200011BBE /* BetterRestUITests.swift */ = {isa = PBXFileReference; lastKnownFileType = sourcecode.swift; path = BetterRestUITests.swift; sourceTree = "<group>"; };
		B63876BB26F3764200011BBE /* Info.plist */ = {isa = PBXFileReference; lastKnownFileType = text.plist.xml; path = Info.plist; sourceTree = "<group>"; };
/* End PBXFileReference section */

/* Begin PBXFrameworksBuildPhase section */
		B638769626F3763F00011BBE /* Frameworks */ = {
			isa = PBXFrameworksBuildPhase;
			buildActionMask = 2147483647;
			files = (
			);
			runOnlyForDeploymentPostprocessing = 0;
		};
		B63876A726F3764200011BBE /* Frameworks */ = {
			isa = PBXFrameworksBuildPhase;
			buildActionMask = 2147483647;
			files = (
			);
			runOnlyForDeploymentPostprocessing = 0;
		};
		B63876B226F3764200011BBE /* Frameworks */ = {
			isa = PBXFrameworksBuildPhase;
			buildActionMask = 2147483647;
			files = (
			);
			runOnlyForDeploymentPostprocessing = 0;
		};
/* End PBXFrameworksBuildPhase section */

/* Begin PBXGroup section */
		B638769026F3763F00011BBE = {
			isa = PBXGroup;
			children = (
				B638769B26F3763F00011BBE /* BetterRest */,
				B63876AD26F3764200011BBE /* BetterRestTests */,
				B63876B826F3764200011BBE /* BetterRestUITests */,
				B638769A26F3763F00011BBE /* Products */,
			);
			sourceTree = "<group>";
		};
		B638769A26F3763F00011BBE /* Products */ = {
			isa = PBXGroup;
			children = (
				B638769926F3763F00011BBE /* BetterRest.app */,
				B63876AA26F3764200011BBE /* BetterRestTests.xctest */,
				B63876B526F3764200011BBE /* BetterRestUITests.xctest */,
			);
			name = Products;
			sourceTree = "<group>";
		};
		B638769B26F3763F00011BBE /* BetterRest */ = {
			isa = PBXGroup;
			children = (
				B638769C26F3763F00011BBE /* BetterRestApp.swift */,
				B638769E26F3763F00011BBE /* ContentView.swift */,
				B63876A026F3764200011BBE /* Assets.xcassets */,
				B63876A526F3764200011BBE /* Info.plist */,
				B60E876926F88B4B00EEAA92 /* SleepCalculator.mlmodel */,
				B63876A226F3764200011BBE /* Preview Content */,
			);
			path = BetterRest;
			sourceTree = "<group>";
		};
		B63876A226F3764200011BBE /* Preview Content */ = {
			isa = PBXGroup;
			children = (
				B63876A326F3764200011BBE /* Preview Assets.xcassets */,
			);
			path = "Preview Content";
			sourceTree = "<group>";
		};
		B63876AD26F3764200011BBE /* BetterRestTests */ = {
			isa = PBXGroup;
			children = (
				B63876AE26F3764200011BBE /* BetterRestTests.swift */,
				B63876B026F3764200011BBE /* Info.plist */,
			);
			path = BetterRestTests;
			sourceTree = "<group>";
		};
		B63876B826F3764200011BBE /* BetterRestUITests */ = {
			isa = PBXGroup;
			children = (
				B63876B926F3764200011BBE /* BetterRestUITests.swift */,
				B63876BB26F3764200011BBE /* Info.plist */,
			);
			path = BetterRestUITests;
			sourceTree = "<group>";
		};
/* End PBXGroup section */

/* Begin PBXNativeTarget section */
		B638769826F3763F00011BBE /* BetterRest */ = {
			isa = PBXNativeTarget;
			buildConfigurationList = B63876BE26F3764200011BBE /* Build configuration list for PBXNativeTarget "BetterRest" */;
			buildPhases = (
				B638769526F3763F00011BBE /* Sources */,
				B638769626F3763F00011BBE /* Frameworks */,
				B638769726F3763F00011BBE /* Resources */,
			);
			buildRules = (
			);
			dependencies = (
			);
			name = BetterRest;
			productName = BetterRest;
			productReference = B638769926F3763F00011BBE /* BetterRest.app */;
			productType = "com.apple.product-type.application";
		};
		B63876A926F3764200011BBE /* BetterRestTests */ = {
			isa = PBXNativeTarget;
			buildConfigurationList = B63876C126F3764200011BBE /* Build configuration list for PBXNativeTarget "BetterRestTests" */;
			buildPhases = (
				B63876A626F3764200011BBE /* Sources */,
				B63876A726F3764200011BBE /* Frameworks */,
				B63876A826F3764200011BBE /* Resources */,
			);
			buildRules = (
			);
			dependencies = (
				B63876AC26F3764200011BBE /* PBXTargetDependency */,
			);
			name = BetterRestTests;
			productName = BetterRestTests;
			productReference = B63876AA26F3764200011BBE /* BetterRestTests.xctest */;
			productType = "com.apple.product-type.bundle.unit-test";
		};
		B63876B426F3764200011BBE /* BetterRestUITests */ = {
			isa = PBXNativeTarget;
			buildConfigurationList = B63876C426F3764200011BBE /* Build configuration list for PBXNativeTarget "BetterRestUITests" */;
			buildPhases = (
				B63876B126F3764200011BBE /* Sources */,
				B63876B226F3764200011BBE /* Frameworks */,
				B63876B326F3764200011BBE /* Resources */,
			);
			buildRules = (
			);
			dependencies = (
				B63876B726F3764200011BBE /* PBXTargetDependency */,
			);
			name = BetterRestUITests;
			productName = BetterRestUITests;
			productReference = B63876B526F3764200011BBE /* BetterRestUITests.xctest */;
			productType = "com.apple.product-type.bundle.ui-testing";
		};
/* End PBXNativeTarget section */

/* Begin PBXProject section */
		B638769126F3763F00011BBE /* Project object */ = {
			isa = PBXProject;
			attributes = {
				LastSwiftUpdateCheck = 1250;
				LastUpgradeCheck = 1250;
				TargetAttributes = {
					B638769826F3763F00011BBE = {
						CreatedOnToolsVersion = 12.5.1;
					};
					B63876A926F3764200011BBE = {
						CreatedOnToolsVersion = 12.5.1;
						TestTargetID = B638769826F3763F00011BBE;
					};
					B63876B426F3764200011BBE = {
						CreatedOnToolsVersion = 12.5.1;
						TestTargetID = B638769826F3763F00011BBE;
					};
				};
			};
			buildConfigurationList = B638769426F3763F00011BBE /* Build configuration list for PBXProject "BetterRest" */;
			compatibilityVersion = "Xcode 9.3";
			developmentRegion = en;
			hasScannedForEncodings = 0;
			knownRegions = (
				en,
				Base,
			);
			mainGroup = B638769026F3763F00011BBE;
			productRefGroup = B638769A26F3763F00011BBE /* Products */;
			projectDirPath = "";
			projectRoot = "";
			targets = (
				B638769826F3763F00011BBE /* BetterRest */,
				B63876A926F3764200011BBE /* BetterRestTests */,
				B63876B426F3764200011BBE /* BetterRestUITests */,
			);
		};
/* End PBXProject section */

/* Begin PBXResourcesBuildPhase section */
		B638769726F3763F00011BBE /* Resources */ = {
			isa = PBXResourcesBuildPhase;
			buildActionMask = 2147483647;
			files = (
				B63876A426F3764200011BBE /* Preview Assets.xcassets in Resources */,
				B63876A126F3764200011BBE /* Assets.xcassets in Resources */,
			);
			runOnlyForDeploymentPostprocessing = 0;
		};
		B63876A826F3764200011BBE /* Resources */ = {
			isa = PBXResourcesBuildPhase;
			buildActionMask = 2147483647;
			files = (
			);
			runOnlyForDeploymentPostprocessing = 0;
		};
		B63876B326F3764200011BBE /* Resources */ = {
			isa = PBXResourcesBuildPhase;
			buildActionMask = 2147483647;
			files = (
			);
			runOnlyForDeploymentPostprocessing = 0;
		};
/* End PBXResourcesBuildPhase section */

/* Begin PBXSourcesBuildPhase section */
		B638769526F3763F00011BBE /* Sources */ = {
			isa = PBXSourcesBuildPhase;
			buildActionMask = 2147483647;
			files = (
				B60E876A26F88B4B00EEAA92 /* SleepCalculator.mlmodel in Sources */,
				B638769F26F3763F00011BBE /* ContentView.swift in Sources */,
				B638769D26F3763F00011BBE /* BetterRestApp.swift in Sources */,
			);
			runOnlyForDeploymentPostprocessing = 0;
		};
		B63876A626F3764200011BBE /* Sources */ = {
			isa = PBXSourcesBuildPhase;
			buildActionMask = 2147483647;
			files = (
				B63876AF26F3764200011BBE /* BetterRestTests.swift in Sources */,
			);
			runOnlyForDeploymentPostprocessing = 0;
		};
		B63876B126F3764200011BBE /* Sources */ = {
			isa = PBXSourcesBuildPhase;
			buildActionMask = 2147483647;
			files = (
				B63876BA26F3764200011BBE /* BetterRestUITests.swift in Sources */,
			);
			runOnlyForDeploymentPostprocessing = 0;
		};
/* End PBXSourcesBuildPhase section */

/* Begin PBXTargetDependency section */
		B63876AC26F3764200011BBE /* PBXTargetDependency */ = {
			isa = PBXTargetDependency;
			target = B638769826F3763F00011BBE /* BetterRest */;
			targetProxy = B63876AB26F3764200011BBE /* PBXContainerItemProxy */;
		};
		B63876B726F3764200011BBE /* PBXTargetDependency */ = {
			isa = PBXTargetDependency;
			target = B638769826F3763F00011BBE /* BetterRest */;
			targetProxy = B63876B626F3764200011BBE /* PBXContainerItemProxy */;
		};
/* End PBXTargetDependency section */

/* Begin XCBuildConfiguration section */
		B63876BC26F3764200011BBE /* Debug */ = {
			isa = XCBuildConfiguration;
			buildSettings = {
				ALWAYS_SEARCH_USER_PATHS = NO;
				CLANG_ANALYZER_NONNULL = YES;
				CLANG_ANALYZER_NUMBER_OBJECT_CONVERSION = YES_AGGRESSIVE;
				CLANG_CXX_LANGUAGE_STANDARD = "gnu++14";
				CLANG_CXX_LIBRARY = "libc++";
				CLANG_ENABLE_MODULES = YES;
				CLANG_ENABLE_OBJC_ARC = YES;
				CLANG_ENABLE_OBJC_WEAK = YES;
				CLANG_WARN_BLOCK_CAPTURE_AUTORELEASING = YES;
				CLANG_WARN_BOOL_CONVERSION = YES;
				CLANG_WARN_COMMA = YES;
				CLANG_WARN_CONSTANT_CONVERSION = YES;
				CLANG_WARN_DEPRECATED_OBJC_IMPLEMENTATIONS = YES;
				CLANG_WARN_DIRECT_OBJC_ISA_USAGE = YES_ERROR;
				CLANG_WARN_DOCUMENTATION_COMMENTS = YES;
				CLANG_WARN_EMPTY_BODY = YES;
				CLANG_WARN_ENUM_CONVERSION = YES;
				CLANG_WARN_INFINITE_RECURSION = YES;
				CLANG_WARN_INT_CONVERSION = YES;
				CLANG_WARN_NON_LITERAL_NULL_CONVERSION = YES;
				CLANG_WARN_OBJC_IMPLICIT_RETAIN_SELF = YES;
				CLANG_WARN_OBJC_LITERAL_CONVERSION = YES;
				CLANG_WARN_OBJC_ROOT_CLASS = YES_ERROR;
				CLANG_WARN_QUOTED_INCLUDE_IN_FRAMEWORK_HEADER = YES;
				CLANG_WARN_RANGE_LOOP_ANALYSIS = YES;
				CLANG_WARN_STRICT_PROTOTYPES = YES;
				CLANG_WARN_SUSPICIOUS_MOVE = YES;
				CLANG_WARN_UNGUARDED_AVAILABILITY = YES_AGGRESSIVE;
				CLANG_WARN_UNREACHABLE_CODE = YES;
				CLANG_WARN__DUPLICATE_METHOD_MATCH = YES;
				COPY_PHASE_STRIP = NO;
				DEBUG_INFORMATION_FORMAT = dwarf;
				ENABLE_STRICT_OBJC_MSGSEND = YES;
				ENABLE_TESTABILITY = YES;
				GCC_C_LANGUAGE_STANDARD = gnu11;
				GCC_DYNAMIC_NO_PIC = NO;
				GCC_NO_COMMON_BLOCKS = YES;
				GCC_OPTIMIZATION_LEVEL = 0;
				GCC_PREPROCESSOR_DEFINITIONS = (
					"DEBUG=1",
					"$(inherited)",
				);
				GCC_WARN_64_TO_32_BIT_CONVERSION = YES;
				GCC_WARN_ABOUT_RETURN_TYPE = YES_ERROR;
				GCC_WARN_UNDECLARED_SELECTOR = YES;
				GCC_WARN_UNINITIALIZED_AUTOS = YES_AGGRESSIVE;
				GCC_WARN_UNUSED_FUNCTION = YES;
				GCC_WARN_UNUSED_VARIABLE = YES;
				IPHONEOS_DEPLOYMENT_TARGET = 14.5;
				MTL_ENABLE_DEBUG_INFO = INCLUDE_SOURCE;
				MTL_FAST_MATH = YES;
				ONLY_ACTIVE_ARCH = YES;
				SDKROOT = iphoneos;
				SWIFT_ACTIVE_COMPILATION_CONDITIONS = DEBUG;
				SWIFT_OPTIMIZATION_LEVEL = "-Onone";
			};
			name = Debug;
		};
		B63876BD26F3764200011BBE /* Release */ = {
			isa = XCBuildConfiguration;
			buildSettings = {
				ALWAYS_SEARCH_USER_PATHS = NO;
				CLANG_ANALYZER_NONNULL = YES;
				CLANG_ANALYZER_NUMBER_OBJECT_CONVERSION = YES_AGGRESSIVE;
				CLANG_CXX_LANGUAGE_STANDARD = "gnu++14";
				CLANG_CXX_LIBRARY = "libc++";
				CLANG_ENABLE_MODULES = YES;
				CLANG_ENABLE_OBJC_ARC = YES;
				CLANG_ENABLE_OBJC_WEAK = YES;
				CLANG_WARN_BLOCK_CAPTURE_AUTORELEASING = YES;
				CLANG_WARN_BOOL_CONVERSION = YES;
				CLANG_WARN_COMMA = YES;
				CLANG_WARN_CONSTANT_CONVERSION = YES;
				CLANG_WARN_DEPRECATED_OBJC_IMPLEMENTATIONS = YES;
				CLANG_WARN_DIRECT_OBJC_ISA_USAGE = YES_ERROR;
				CLANG_WARN_DOCUMENTATION_COMMENTS = YES;
				CLANG_WARN_EMPTY_BODY = YES;
				CLANG_WARN_ENUM_CONVERSION = YES;
				CLANG_WARN_INFINITE_RECURSION = YES;
				CLANG_WARN_INT_CONVERSION = YES;
				CLANG_WARN_NON_LITERAL_NULL_CONVERSION = YES;
				CLANG_WARN_OBJC_IMPLICIT_RETAIN_SELF = YES;
				CLANG_WARN_OBJC_LITERAL_CONVERSION = YES;
				CLANG_WARN_OBJC_ROOT_CLASS = YES_ERROR;
				CLANG_WARN_QUOTED_INCLUDE_IN_FRAMEWORK_HEADER = YES;
				CLANG_WARN_RANGE_LOOP_ANALYSIS = YES;
				CLANG_WARN_STRICT_PROTOTYPES = YES;
				CLANG_WARN_SUSPICIOUS_MOVE = YES;
				CLANG_WARN_UNGUARDED_AVAILABILITY = YES_AGGRESSIVE;
				CLANG_WARN_UNREACHABLE_CODE = YES;
				CLANG_WARN__DUPLICATE_METHOD_MATCH = YES;
				COPY_PHASE_STRIP = NO;
				DEBUG_INFORMATION_FORMAT = "dwarf-with-dsym";
				ENABLE_NS_ASSERTIONS = NO;
				ENABLE_STRICT_OBJC_MSGSEND = YES;
				GCC_C_LANGUAGE_STANDARD = gnu11;
				GCC_NO_COMMON_BLOCKS = YES;
				GCC_WARN_64_TO_32_BIT_CONVERSION = YES;
				GCC_WARN_ABOUT_RETURN_TYPE = YES_ERROR;
				GCC_WARN_UNDECLARED_SELECTOR = YES;
				GCC_WARN_UNINITIALIZED_AUTOS = YES_AGGRESSIVE;
				GCC_WARN_UNUSED_FUNCTION = YES;
				GCC_WARN_UNUSED_VARIABLE = YES;
				IPHONEOS_DEPLOYMENT_TARGET = 14.5;
				MTL_ENABLE_DEBUG_INFO = NO;
				MTL_FAST_MATH = YES;
				SDKROOT = iphoneos;
				SWIFT_COMPILATION_MODE = wholemodule;
				SWIFT_OPTIMIZATION_LEVEL = "-O";
				VALIDATE_PRODUCT = YES;
			};
			name = Release;
		};
		B63876BF26F3764200011BBE /* Debug */ = {
			isa = XCBuildConfiguration;
			buildSettings = {
				ASSETCATALOG_COMPILER_APPICON_NAME = AppIcon;
				ASSETCATALOG_COMPILER_GLOBAL_ACCENT_COLOR_NAME = AccentColor;
				CODE_SIGN_STYLE = Automatic;
				DEVELOPMENT_ASSET_PATHS = "\"BetterRest/Preview Content\"";
				DEVELOPMENT_TEAM = 2FRR58PFB2;
				ENABLE_PREVIEWS = YES;
				INFOPLIST_FILE = BetterRest/Info.plist;
				IPHONEOS_DEPLOYMENT_TARGET = 14.0;
				LD_RUNPATH_SEARCH_PATHS = (
					"$(inherited)",
					"@executable_path/Frameworks",
				);
				PRODUCT_BUNDLE_IDENTIFIER = com.yashpoojary.BetterRest;
				PRODUCT_NAME = "$(TARGET_NAME)";
				SWIFT_VERSION = 5.0;
				TARGETED_DEVICE_FAMILY = "1,2";
			};
			name = Debug;
		};
		B63876C026F3764200011BBE /* Release */ = {
			isa = XCBuildConfiguration;
			buildSettings = {
				ASSETCATALOG_COMPILER_APPICON_NAME = AppIcon;
				ASSETCATALOG_COMPILER_GLOBAL_ACCENT_COLOR_NAME = AccentColor;
				CODE_SIGN_STYLE = Automatic;
				DEVELOPMENT_ASSET_PATHS = "\"BetterRest/Preview Content\"";
				DEVELOPMENT_TEAM = 2FRR58PFB2;
				ENABLE_PREVIEWS = YES;
				INFOPLIST_FILE = BetterRest/Info.plist;
				IPHONEOS_DEPLOYMENT_TARGET = 14.0;
				LD_RUNPATH_SEARCH_PATHS = (
					"$(inherited)",
					"@executable_path/Frameworks",
				);
				PRODUCT_BUNDLE_IDENTIFIER = com.yashpoojary.BetterRest;
				PRODUCT_NAME = "$(TARGET_NAME)";
				SWIFT_VERSION = 5.0;
				TARGETED_DEVICE_FAMILY = "1,2";
			};
			name = Release;
		};
		B63876C226F3764200011BBE /* Debug */ = {
			isa = XCBuildConfiguration;
			buildSettings = {
				ALWAYS_EMBED_SWIFT_STANDARD_LIBRARIES = YES;
				BUNDLE_LOADER = "$(TEST_HOST)";
				CODE_SIGN_STYLE = Automatic;
				DEVELOPMENT_TEAM = 2FRR58PFB2;
				INFOPLIST_FILE = BetterRestTests/Info.plist;
				IPHONEOS_DEPLOYMENT_TARGET = 14.0;
				LD_RUNPATH_SEARCH_PATHS = (
					"$(inherited)",
					"@executable_path/Frameworks",
					"@loader_path/Frameworks",
				);
				PRODUCT_BUNDLE_IDENTIFIER = com.yashpoojary.BetterRestTests;
				PRODUCT_NAME = "$(TARGET_NAME)";
				SWIFT_VERSION = 5.0;
				TARGETED_DEVICE_FAMILY = "1,2";
				TEST_HOST = "$(BUILT_PRODUCTS_DIR)/BetterRest.app/BetterRest";
			};
			name = Debug;
		};
		B63876C326F3764200011BBE /* Release */ = {
			isa = XCBuildConfiguration;
			buildSettings = {
				ALWAYS_EMBED_SWIFT_STANDARD_LIBRARIES = YES;
				BUNDLE_LOADER = "$(TEST_HOST)";
				CODE_SIGN_STYLE = Automatic;
				DEVELOPMENT_TEAM = 2FRR58PFB2;
				INFOPLIST_FILE = BetterRestTests/Info.plist;
				IPHONEOS_DEPLOYMENT_TARGET = 14.0;
				LD_RUNPATH_SEARCH_PATHS = (
					"$(inherited)",
					"@executable_path/Frameworks",
					"@loader_path/Frameworks",
				);
				PRODUCT_BUNDLE_IDENTIFIER = com.yashpoojary.BetterRestTests;
				PRODUCT_NAME = "$(TARGET_NAME)";
				SWIFT_VERSION = 5.0;
				TARGETED_DEVICE_FAMILY = "1,2";
				TEST_HOST = "$(BUILT_PRODUCTS_DIR)/BetterRest.app/BetterRest";
			};
			name = Release;
		};
		B63876C526F3764200011BBE /* Debug */ = {
			isa = XCBuildConfiguration;
			buildSettings = {
				ALWAYS_EMBED_SWIFT_STANDARD_LIBRARIES = YES;
				CODE_SIGN_STYLE = Automatic;
				DEVELOPMENT_TEAM = 2FRR58PFB2;
				INFOPLIST_FILE = BetterRestUITests/Info.plist;
				LD_RUNPATH_SEARCH_PATHS = (
					"$(inherited)",
					"@executable_path/Frameworks",
					"@loader_path/Frameworks",
				);
				PRODUCT_BUNDLE_IDENTIFIER = com.yashpoojary.BetterRestUITests;
				PRODUCT_NAME = "$(TARGET_NAME)";
				SWIFT_VERSION = 5.0;
				TARGETED_DEVICE_FAMILY = "1,2";
				TEST_TARGET_NAME = BetterRest;
			};
			name = Debug;
		};
		B63876C626F3764200011BBE /* Release */ = {
			isa = XCBuildConfiguration;
			buildSettings = {
				ALWAYS_EMBED_SWIFT_STANDARD_LIBRARIES = YES;
				CODE_SIGN_STYLE = Automatic;
				DEVELOPMENT_TEAM = 2FRR58PFB2;
				INFOPLIST_FILE = BetterRestUITests/Info.plist;
				LD_RUNPATH_SEARCH_PATHS = (
					"$(inherited)",
					"@executable_path/Frameworks",
					"@loader_path/Frameworks",
				);
				PRODUCT_BUNDLE_IDENTIFIER = com.yashpoojary.BetterRestUITests;
				PRODUCT_NAME = "$(TARGET_NAME)";
				SWIFT_VERSION = 5.0;
				TARGETED_DEVICE_FAMILY = "1,2";
				TEST_TARGET_NAME = BetterRest;
			};
			name = Release;
		};
/* End XCBuildConfiguration section */

/* Begin XCConfigurationList section */
		B638769426F3763F00011BBE /* Build configuration list for PBXProject "BetterRest" */ = {
			isa = XCConfigurationList;
			buildConfigurations = (
				B63876BC26F3764200011BBE /* Debug */,
				B63876BD26F3764200011BBE /* Release */,
			);
			defaultConfigurationIsVisible = 0;
			defaultConfigurationName = Release;
		};
		B63876BE26F3764200011BBE /* Build configuration list for PBXNativeTarget "BetterRest" */ = {
			isa = XCConfigurationList;
			buildConfigurations = (
				B63876BF26F3764200011BBE /* Debug */,
				B63876C026F3764200011BBE /* Release */,
			);
			defaultConfigurationIsVisible = 0;
			defaultConfigurationName = Release;
		};
		B63876C126F3764200011BBE /* Build configuration list for PBXNativeTarget "BetterRestTests" */ = {
			isa = XCConfigurationList;
			buildConfigurations = (
				B63876C226F3764200011BBE /* Debug */,
				B63876C326F3764200011BBE /* Release */,
			);
			defaultConfigurationIsVisible = 0;
			defaultConfigurationName = Release;
		};
		B63876C426F3764200011BBE /* Build configuration list for PBXNativeTarget "BetterRestUITests" */ = {
			isa = XCConfigurationList;
			buildConfigurations = (
				B63876C526F3764200011BBE /* Debug */,
				B63876C626F3764200011BBE /* Release */,
			);
			defaultConfigurationIsVisible = 0;
			defaultConfigurationName = Release;
		};
/* End XCConfigurationList section */
	};
	rootObject = B638769126F3763F00011BBE /* Project object */;
}
